
Microsoft Visual Studio Solution File, Format Version 12.00
# Visual Studio Version 16
VisualStudioVersion = 16.0.30002.166
MinimumVisualStudioVersion = 10.0.40219.1
Project("{9A19103F-16F7-4668-BE54-9A1E7A4F7556}") = "CollariniVendrame.IIOT.Server.MQTT.Worker", "CollariniVendrame.IIOT.Server.MQTT.Worker\CollariniVendrame.IIOT.Server.MQTT.Worker.csproj", "{39DC5ED5-FE22-4622-AFC3-703309478341}"
EndProject
Project("{9A19103F-16F7-4668-BE54-9A1E7A4F7556}") = "CollariniVendrame.IIOT.Server.StorageSQL", "CollariniVendrame.IIOT.Server.StorageSQL\CollariniVendrame.IIOT.Server.StorageSQL.csproj", "{612E576A-4774-4705-8A74-402C4D5CA43C}"
EndProject
Global
	GlobalSection(SolutionConfigurationPlatforms) = preSolution
		Debug|Any CPU = Debug|Any CPU
		Release|Any CPU = Release|Any CPU
	EndGlobalSection
	GlobalSection(ProjectConfigurationPlatforms) = postSolution
		{39DC5ED5-FE22-4622-AFC3-703309478341}.Debug|Any CPU.ActiveCfg = Debug|Any CPU
		{39DC5ED5-FE22-4622-AFC3-703309478341}.Debug|Any CPU.Build.0 = Debug|Any CPU
		{39DC5ED5-FE22-4622-AFC3-703309478341}.Release|Any CPU.ActiveCfg = Release|Any CPU
		{39DC5ED5-FE22-4622-AFC3-703309478341}.Release|Any CPU.Build.0 = Release|Any CPU
		{612E576A-4774-4705-8A74-402C4D5CA43C}.Debug|Any CPU.ActiveCfg = Debug|Any CPU
		{612E576A-4774-4705-8A74-402C4D5CA43C}.Debug|Any CPU.Build.0 = Debug|Any CPU
		{612E576A-4774-4705-8A74-402C4D5CA43C}.Release|Any CPU.ActiveCfg = Release|Any CPU
		{612E576A-4774-4705-8A74-402C4D5CA43C}.Release|Any CPU.Build.0 = Release|Any CPU
	EndGlobalSection
	GlobalSection(SolutionProperties) = preSolution
		HideSolutionNode = FALSE
	EndGlobalSection
	GlobalSection(ExtensibilityGlobals) = postSolution
		SolutionGuid = {FF261D6D-6327-4979-ADCA-6A5399FD95AA}
	EndGlobalSection
EndGlobal
