
Microsoft Visual Studio Solution File, Format Version 12.00
# Visual Studio Version 16
VisualStudioVersion = 16.0.30002.166
MinimumVisualStudioVersion = 10.0.40219.1
Project("{9A19103F-16F7-4668-BE54-9A1E7A4F7556}") = "CollariniVendrame.IIOT.Server.AzureFunction.Queue", "CollariniVendrame.IIOT.Server.AzureFunction.Queue\CollariniVendrame.IIOT.Server.AzureFunction.Queue.csproj", "{6C1894B9-07DD-4C5D-9523-667BA4E78CAB}"
EndProject
Project("{9A19103F-16F7-4668-BE54-9A1E7A4F7556}") = "CollariniVendrame.IIOT.Server.API", "CollariniVendrame.IIOT.Server.API\CollariniVendrame.IIOT.Server.API.csproj", "{8062C084-3468-47B4-84AD-2ACA7C752A4C}"
EndProject
Project("{FAE04EC0-301F-11D3-BF4B-00C04F79EFBC}") = "CollariniVendrame.IIOT.Server.StorageSQL", "CollariniVendrame.IIOT.Server.StorageSQL\CollariniVendrame.IIOT.Server.StorageSQL.csproj", "{03784551-BA56-46D3-819A-D5C02BA21404}"
EndProject
Global
	GlobalSection(SolutionConfigurationPlatforms) = preSolution
		Debug|Any CPU = Debug|Any CPU
		Release|Any CPU = Release|Any CPU
	EndGlobalSection
	GlobalSection(ProjectConfigurationPlatforms) = postSolution
		{6C1894B9-07DD-4C5D-9523-667BA4E78CAB}.Debug|Any CPU.ActiveCfg = Debug|Any CPU
		{6C1894B9-07DD-4C5D-9523-667BA4E78CAB}.Debug|Any CPU.Build.0 = Debug|Any CPU
		{6C1894B9-07DD-4C5D-9523-667BA4E78CAB}.Release|Any CPU.ActiveCfg = Release|Any CPU
		{6C1894B9-07DD-4C5D-9523-667BA4E78CAB}.Release|Any CPU.Build.0 = Release|Any CPU
		{8062C084-3468-47B4-84AD-2ACA7C752A4C}.Debug|Any CPU.ActiveCfg = Debug|Any CPU
		{8062C084-3468-47B4-84AD-2ACA7C752A4C}.Debug|Any CPU.Build.0 = Debug|Any CPU
		{8062C084-3468-47B4-84AD-2ACA7C752A4C}.Release|Any CPU.ActiveCfg = Release|Any CPU
		{8062C084-3468-47B4-84AD-2ACA7C752A4C}.Release|Any CPU.Build.0 = Release|Any CPU
		{03784551-BA56-46D3-819A-D5C02BA21404}.Debug|Any CPU.ActiveCfg = Debug|Any CPU
		{03784551-BA56-46D3-819A-D5C02BA21404}.Debug|Any CPU.Build.0 = Debug|Any CPU
		{03784551-BA56-46D3-819A-D5C02BA21404}.Release|Any CPU.ActiveCfg = Release|Any CPU
		{03784551-BA56-46D3-819A-D5C02BA21404}.Release|Any CPU.Build.0 = Release|Any CPU
	EndGlobalSection
	GlobalSection(SolutionProperties) = preSolution
		HideSolutionNode = FALSE
	EndGlobalSection
	GlobalSection(ExtensibilityGlobals) = postSolution
		SolutionGuid = {FF261D6D-6327-4979-ADCA-6A5399FD95AA}
	EndGlobalSection
EndGlobal
